
Microsoft Visual Studio Solution File, Format Version 12.00
# Visual Studio Version 16
VisualStudioVersion = 16.0.30804.86
MinimumVisualStudioVersion = 10.0.40219.1
Project("{FAE04EC0-301F-11D3-BF4B-00C04F79EFBC}") = "codeFirstOnThi", "codeFirstOnThi\codeFirstOnThi.csproj", "{9BCF6DA6-BF62-4C8C-8977-CD3FBF4BDE4F}"
EndProject
Global
	GlobalSection(SolutionConfigurationPlatforms) = preSolution
		Debug|Any CPU = Debug|Any CPU
		Release|Any CPU = Release|Any CPU
	EndGlobalSection
	GlobalSection(ProjectConfigurationPlatforms) = postSolution
		{9BCF6DA6-BF62-4C8C-8977-CD3FBF4BDE4F}.Debug|Any CPU.ActiveCfg = Debug|Any CPU
		{9BCF6DA6-BF62-4C8C-8977-CD3FBF4BDE4F}.Debug|Any CPU.Build.0 = Debug|Any CPU
		{9BCF6DA6-BF62-4C8C-8977-CD3FBF4BDE4F}.Release|Any CPU.ActiveCfg = Release|Any CPU
		{9BCF6DA6-BF62-4C8C-8977-CD3FBF4BDE4F}.Release|Any CPU.Build.0 = Release|Any CPU
	EndGlobalSection
	GlobalSection(SolutionProperties) = preSolution
		HideSolutionNode = FALSE
	EndGlobalSection
	GlobalSection(ExtensibilityGlobals) = postSolution
		SolutionGuid = {8C02656D-F98D-4E5F-947D-CEE154646DD7}
	EndGlobalSection
EndGlobal
